
Microsoft Visual Studio Solution File, Format Version 12.00
# Visual Studio Version 16
VisualStudioVersion = 25.0.1700.0
MinimumVisualStudioVersion = 10.0.40219.1
Project("{FAE04EC0-301F-11D3-BF4B-00C04F79EFBC}") = "Bowling-Kata-Csharp", "Bowling-Kata-Csharp.csproj", "{F3E7D664-042B-41F0-B661-F17D33B27843}"
EndProject
Global
	GlobalSection(SolutionConfigurationPlatforms) = preSolution
		Debug|Any CPU = Debug|Any CPU
		Release|Any CPU = Release|Any CPU
	EndGlobalSection
	GlobalSection(ProjectConfigurationPlatforms) = postSolution
		{F3E7D664-042B-41F0-B661-F17D33B27843}.Debug|Any CPU.ActiveCfg = Debug|Any CPU
		{F3E7D664-042B-41F0-B661-F17D33B27843}.Debug|Any CPU.Build.0 = Debug|Any CPU
		{F3E7D664-042B-41F0-B661-F17D33B27843}.Release|Any CPU.ActiveCfg = Release|Any CPU
		{F3E7D664-042B-41F0-B661-F17D33B27843}.Release|Any CPU.Build.0 = Release|Any CPU
	EndGlobalSection
	GlobalSection(SolutionProperties) = preSolution
		HideSolutionNode = FALSE
	EndGlobalSection
	GlobalSection(ExtensibilityGlobals) = postSolution
		SolutionGuid = {99980B25-D0D6-4E33-BF42-89F27C9410D0}
	EndGlobalSection
EndGlobal
